
Microsoft Visual Studio Solution File, Format Version 12.00
# Visual Studio 15
VisualStudioVersion = 15.0.26730.16
MinimumVisualStudioVersion = 10.0.40219.1
Project("{FAE04EC0-301F-11D3-BF4B-00C04F79EFBC}") = "MakeupSim", "MakeupSim\MakeupSim.csproj", "{8B34D0BF-B75D-4319-BA15-57A4B60C904D}"
EndProject
Global
	GlobalSection(SolutionConfigurationPlatforms) = preSolution
		Debug|Any CPU = Debug|Any CPU
		Release|Any CPU = Release|Any CPU
	EndGlobalSection
	GlobalSection(ProjectConfigurationPlatforms) = postSolution
		{8B34D0BF-B75D-4319-BA15-57A4B60C904D}.Debug|Any CPU.ActiveCfg = Debug|Any CPU
		{8B34D0BF-B75D-4319-BA15-57A4B60C904D}.Debug|Any CPU.Build.0 = Debug|Any CPU
		{8B34D0BF-B75D-4319-BA15-57A4B60C904D}.Release|Any CPU.ActiveCfg = Release|Any CPU
		{8B34D0BF-B75D-4319-BA15-57A4B60C904D}.Release|Any CPU.Build.0 = Release|Any CPU
	EndGlobalSection
	GlobalSection(SolutionProperties) = preSolution
		HideSolutionNode = FALSE
	EndGlobalSection
	GlobalSection(ExtensibilityGlobals) = postSolution
		SolutionGuid = {E2C623DD-470B-480C-9D55-A1BAE21FCA60}
	EndGlobalSection
EndGlobal
